
Microsoft Visual Studio Solution File, Format Version 12.00
# Visual Studio Version 16
VisualStudioVersion = 16.0.31613.86
MinimumVisualStudioVersion = 10.0.40219.1
Project("{9A19103F-16F7-4668-BE54-9A1E7A4F7556}") = "lobbyRouter", "lobbyRouter.csproj", "{F03BEF9E-8DAD-4F83-B959-2E63C4269B29}"
EndProject
Global
	GlobalSection(SolutionConfigurationPlatforms) = preSolution
		Debug|Any CPU = Debug|Any CPU
		Release|Any CPU = Release|Any CPU
	EndGlobalSection
	GlobalSection(ProjectConfigurationPlatforms) = postSolution
		{F03BEF9E-8DAD-4F83-B959-2E63C4269B29}.Debug|Any CPU.ActiveCfg = Debug|Any CPU
		{F03BEF9E-8DAD-4F83-B959-2E63C4269B29}.Debug|Any CPU.Build.0 = Debug|Any CPU
		{F03BEF9E-8DAD-4F83-B959-2E63C4269B29}.Release|Any CPU.ActiveCfg = Release|Any CPU
		{F03BEF9E-8DAD-4F83-B959-2E63C4269B29}.Release|Any CPU.Build.0 = Release|Any CPU
	EndGlobalSection
	GlobalSection(SolutionProperties) = preSolution
		HideSolutionNode = FALSE
	EndGlobalSection
	GlobalSection(ExtensibilityGlobals) = postSolution
		SolutionGuid = {8A1FEABE-72F2-47EB-AD34-F0093F3E8807}
	EndGlobalSection
EndGlobal
